{
  "name": "ss-eventos-v2",
  "version": "0.1.3",
  "lockfileVersion": 3,
  "requires": true,
  "packages": {
    "": {
      "name": "ss-eventos-v2",
      "version": "0.1.3",
      "devDependencies": {
        "@oondemand/create-central-oon": "0.3.55"
      }
    },
    "node_modules/@oondemand/create-central-oon": {
      "version": "0.3.55",
      "resolved": "https://registry.npmjs.org/@oondemand/create-central-oon/-/create-central-oon-0.3.55.tgz",
      "integrity": "sha512-spvaNTTNR0S+stWKrPDCvdbjVPfluI1UT6DX0ISFFlTvq4+Lc+HJkU6fepGw2Cegp3MDQbzQPgM7pIBG6myMDA==",
      "dev": true,
      "license": "SEE LICENSE IN LICENSE",
      "bin": {
        "create-central-oon": "bin/cli.js",
        "scaffold-central-oon": "bin/cli.js"
      },
      "engines": {
        "node": ">=18"
      }
    }
  }
}
