{
  "name": "ss-eventos-v2",
  "version": "0.1.1",
  "lockfileVersion": 3,
  "requires": true,
  "packages": {
    "": {
      "name": "ss-eventos-v2",
      "version": "0.1.1",
      "devDependencies": {
        "@oondemand/create-central-oon": "0.3.53"
      }
    },
    "node_modules/@oondemand/create-central-oon": {
      "version": "0.3.53",
      "resolved": "https://registry.npmjs.org/@oondemand/create-central-oon/-/create-central-oon-0.3.53.tgz",
      "integrity": "sha512-KX5XxwIMxhfpq/SfCKvtzU1GU21DtWhtborXox44JMVWcXsppkHYyQU68S7FpMQbcio5j257SjvOLKNZzzy7iA==",
      "dev": true,
      "license": "SEE LICENSE IN LICENSE",
      "bin": {
        "create-central-oon": "bin/cli.js",
        "scaffold-central-oon": "bin/cli.js"
      },
      "engines": {
        "node": ">=18"
      }
    }
  }
}
