{
  "name": "ss-eventos-v2",
  "version": "0.1.7",
  "lockfileVersion": 3,
  "requires": true,
  "packages": {
    "": {
      "name": "ss-eventos-v2",
      "version": "0.1.7",
      "devDependencies": {
        "@oondemand/create-central-oon": "0.3.60"
      }
    },
    "node_modules/@oondemand/create-central-oon": {
      "version": "0.3.60",
      "resolved": "https://registry.npmjs.org/@oondemand/create-central-oon/-/create-central-oon-0.3.60.tgz",
      "integrity": "sha512-qrbR8luZym6yEhKhUeJSSXimrBJ8GSATAJVxG7JV4zkRV6oS0Fo187+KT+y+CUVjzPxRG7NIu2IxJHxb8pEVNg==",
      "dev": true,
      "license": "SEE LICENSE IN LICENSE",
      "bin": {
        "create-central-oon": "bin/cli.js",
        "scaffold-central-oon": "bin/cli.js"
      },
      "engines": {
        "node": ">=18"
      }
    }
  }
}
